
Microsoft Visual Studio Solution File, Format Version 12.00
# Visual Studio Version 17
VisualStudioVersion = 17.5.002.0
MinimumVisualStudioVersion = 10.0.40219.1
Project("{9A19103F-16F7-4668-BE54-9A1E7A4F7556}") = "api", "api\api.csproj", "{EE74E9C5-8C10-4F4C-901B-9F3E19677871}"
EndProject
Global
	GlobalSection(SolutionConfigurationPlatforms) = preSolution
		Debug|Any CPU = Debug|Any CPU
		Release|Any CPU = Release|Any CPU
	EndGlobalSection
	GlobalSection(ProjectConfigurationPlatforms) = postSolution
		{EE74E9C5-8C10-4F4C-901B-9F3E19677871}.Debug|Any CPU.ActiveCfg = Debug|Any CPU
		{EE74E9C5-8C10-4F4C-901B-9F3E19677871}.Debug|Any CPU.Build.0 = Debug|Any CPU
		{EE74E9C5-8C10-4F4C-901B-9F3E19677871}.Release|Any CPU.ActiveCfg = Release|Any CPU
		{EE74E9C5-8C10-4F4C-901B-9F3E19677871}.Release|Any CPU.Build.0 = Release|Any CPU
	EndGlobalSection
	GlobalSection(SolutionProperties) = preSolution
		HideSolutionNode = FALSE
	EndGlobalSection
	GlobalSection(ExtensibilityGlobals) = postSolution
		SolutionGuid = {D40259F7-4421-4A4B-866F-7F1410F23848}
	EndGlobalSection
EndGlobal
